
Microsoft Visual Studio Solution File, Format Version 12.00
# Visual Studio Version 16
VisualStudioVersion = 16.0.29728.190
MinimumVisualStudioVersion = 10.0.40219.1
Project("{FAE04EC0-301F-11D3-BF4B-00C04F79EFBC}") = "CrudApiRestBasico", "CrudApiRestBasico\CrudApiRestBasico.csproj", "{2F040C43-714F-4745-907E-EAA5C82BF6AF}"
EndProject
Global
	GlobalSection(SolutionConfigurationPlatforms) = preSolution
		Debug|Any CPU = Debug|Any CPU
		Release|Any CPU = Release|Any CPU
	EndGlobalSection
	GlobalSection(ProjectConfigurationPlatforms) = postSolution
		{2F040C43-714F-4745-907E-EAA5C82BF6AF}.Debug|Any CPU.ActiveCfg = Debug|Any CPU
		{2F040C43-714F-4745-907E-EAA5C82BF6AF}.Debug|Any CPU.Build.0 = Debug|Any CPU
		{2F040C43-714F-4745-907E-EAA5C82BF6AF}.Release|Any CPU.ActiveCfg = Release|Any CPU
		{2F040C43-714F-4745-907E-EAA5C82BF6AF}.Release|Any CPU.Build.0 = Release|Any CPU
	EndGlobalSection
	GlobalSection(SolutionProperties) = preSolution
		HideSolutionNode = FALSE
	EndGlobalSection
	GlobalSection(ExtensibilityGlobals) = postSolution
		SolutionGuid = {6EC03983-FD68-4AF0-8CB3-B40376D56CC1}
	EndGlobalSection
EndGlobal
